// !$*UTF8*$!
{
	archiveVersion = 1;
	classes = {
	};
	objectVersion = 46;
	objects = {

/* Begin PBXBuildFile section */
		3655ECCA1E557C1600647BA3 /* Advanced Network Programming - Principles and Techniques.pdf in Resources */ = {isa = PBXBuildFile; fileRef = 3655ECB81E557C1600647BA3 /* Advanced Network Programming - Principles and Techniques.pdf */; };
		3655ECCB1E557C1600647BA3 /* An Introduction to Network Programming with Java.pdf in Resources */ = {isa = PBXBuildFile; fileRef = 3655ECB91E557C1600647BA3 /* An Introduction to Network Programming with Java.pdf */; };
		3655ECCC1E557C1600647BA3 /* Apress.Beginning.Android.ADK.with.Arduino.Mar.2012.pdf in Resources */ = {isa = PBXBuildFile; fileRef = 3655ECBA1E557C1600647BA3 /* Apress.Beginning.Android.ADK.with.Arduino.Mar.2012.pdf */; };
		3655ECCD1E557C1600647BA3 /* Arduino - Reference.pdf in Resources */ = {isa = PBXBuildFile; fileRef = 3655ECBB1E557C1600647BA3 /* Arduino - Reference.pdf */; };
		3655ECCE1E557C1600647BA3 /* Beginning Linux Programming, 4th Edition.pdf in Resources */ = {isa = PBXBuildFile; fileRef = 3655ECBC1E557C1600647BA3 /* Beginning Linux Programming, 4th Edition.pdf */; };
		3655ECCF1E557C1600647BA3 /* beginning_java_ee_6_with_glassfish_3_2nd_edition.pdf in Resources */ = {isa = PBXBuildFile; fileRef = 3655ECBD1E557C1600647BA3 /* beginning_java_ee_6_with_glassfish_3_2nd_edition.pdf */; };
		3655ECD01E557C1600647BA3 /* Book.pdf in Resources */ = {isa = PBXBuildFile; fileRef = 3655ECBE1E557C1600647BA3 /* Book.pdf */; };
		3655ECD11E557C1600647BA3 /* Building Android Accessories using the Open Accessory Development Kit and Arduino Presentation 1.pdf in Resources */ = {isa = PBXBuildFile; fileRef = 3655ECBF1E557C1600647BA3 /* Building Android Accessories using the Open Accessory Development Kit and Arduino Presentation 1.pdf */; };
		3655ECD21E557C1600647BA3 /* Capture_Troubleshooting.pdf in Resources */ = {isa = PBXBuildFile; fileRef = 3655ECC01E557C1600647BA3 /* Capture_Troubleshooting.pdf */; };
		3655ECD31E557C1600647BA3 /* CN8001-PacketCraftingUsingScapy-WilliamZereneh.pdf in Resources */ = {isa = PBXBuildFile; fileRef = 3655ECC11E557C1600647BA3 /* CN8001-PacketCraftingUsingScapy-WilliamZereneh.pdf */; };
		3655ECD41E557C1600647BA3 /* cprogramming_tutorial.pdf in Resources */ = {isa = PBXBuildFile; fileRef = 3655ECC21E557C1600647BA3 /* cprogramming_tutorial.pdf */; };
		3655ECD51E557C1600647BA3 /* Designing and Implementing Linux Firewalls and QoS.pdf in Resources */ = {isa = PBXBuildFile; fileRef = 3655ECC31E557C1600647BA3 /* Designing and Implementing Linux Firewalls and QoS.pdf */; };
		3655ECD61E557C1600647BA3 /* Expert_Python_programming.pdf in Resources */ = {isa = PBXBuildFile; fileRef = 3655ECC41E557C1600647BA3 /* Expert_Python_programming.pdf */; };
		3655ECD71E557C1600647BA3 /* exploit-writing-tutorial-part-9-introduction-to-win32-shellcoding.pdf in Resources */ = {isa = PBXBuildFile; fileRef = 3655ECC51E557C1600647BA3 /* exploit-writing-tutorial-part-9-introduction-to-win32-shellcoding.pdf */; };
		3655ECD81E557C1600647BA3 /* Foundations of Python Network Programming, 2nd Edition.pdf in Resources */ = {isa = PBXBuildFile; fileRef = 3655ECC61E557C1600647BA3 /* Foundations of Python Network Programming, 2nd Edition.pdf */; };
		3655ECD91E557C1600647BA3 /* Gray_hat_Python.pdf in Resources */ = {isa = PBXBuildFile; fileRef = 3655ECC71E557C1600647BA3 /* Gray_hat_Python.pdf */; };
		3655ECDA1E557C1600647BA3 /* Hacking Exposed Malware and Rootkits.pdf in Resources */ = {isa = PBXBuildFile; fileRef = 3655ECC81E557C1600647BA3 /* Hacking Exposed Malware and Rootkits.pdf */; };
		3655ECDB1E557C1600647BA3 /* obj.pdf in Resources */ = {isa = PBXBuildFile; fileRef = 3655ECC91E557C1600647BA3 /* obj.pdf */; };
		3655ECDF1E56B3F100647BA3 /* CustomerCellTableViewCell.swift in Sources */ = {isa = PBXBuildFile; fileRef = 3655ECDE1E56B3F100647BA3 /* CustomerCellTableViewCell.swift */; };
		A17CC5A21E4B657500F67053 /* AppDelegate.swift in Sources */ = {isa = PBXBuildFile; fileRef = A17CC5A11E4B657500F67053 /* AppDelegate.swift */; };
		A17CC5A41E4B657500F67053 /* ViewController.swift in Sources */ = {isa = PBXBuildFile; fileRef = A17CC5A31E4B657500F67053 /* ViewController.swift */; };
		A17CC5A71E4B657500F67053 /* Main.storyboard in Resources */ = {isa = PBXBuildFile; fileRef = A17CC5A51E4B657500F67053 /* Main.storyboard */; };
		A17CC5A91E4B657500F67053 /* Assets.xcassets in Resources */ = {isa = PBXBuildFile; fileRef = A17CC5A81E4B657500F67053 /* Assets.xcassets */; };
		A17CC5AC1E4B657500F67053 /* LaunchScreen.storyboard in Resources */ = {isa = PBXBuildFile; fileRef = A17CC5AA1E4B657500F67053 /* LaunchScreen.storyboard */; };
		A17CC5B71E4D96DC00F67053 /* QuartzCore.framework in Frameworks */ = {isa = PBXBuildFile; fileRef = A17CC5B61E4D96DC00F67053 /* QuartzCore.framework */; };
		A17CC5B91E502EC100F67053 /* ScrollViewController.swift in Sources */ = {isa = PBXBuildFile; fileRef = A17CC5B81E502EC100F67053 /* ScrollViewController.swift */; };
		A17CC5BB1E5068EF00F67053 /* QuickLookViewController.swift in Sources */ = {isa = PBXBuildFile; fileRef = A17CC5BA1E5068EF00F67053 /* QuickLookViewController.swift */; };
		A1BD39B11E50C25D00F0D298 /* AppCoda-Keynote.key in Resources */ = {isa = PBXBuildFile; fileRef = A1BD39B01E50C25D00F0D298 /* AppCoda-Keynote.key */; };
		A1BD39B31E50C26800F0D298 /* AppCoda-Text.txt in Resources */ = {isa = PBXBuildFile; fileRef = A1BD39B21E50C26800F0D298 /* AppCoda-Text.txt */; };
		A1BD39B51E50C27300F0D298 /* AppCoda-Word.docx in Resources */ = {isa = PBXBuildFile; fileRef = A1BD39B41E50C27300F0D298 /* AppCoda-Word.docx */; };
		A1BD39B71E50C28300F0D298 /* AppCoda-Image.jpeg in Resources */ = {isa = PBXBuildFile; fileRef = A1BD39B61E50C28300F0D298 /* AppCoda-Image.jpeg */; };
/* End PBXBuildFile section */

/* Begin PBXFileReference section */
		3655ECB81E557C1600647BA3 /* Advanced Network Programming - Principles and Techniques.pdf */ = {isa = PBXFileReference; lastKnownFileType = image.pdf; path = "Advanced Network Programming - Principles and Techniques.pdf"; sourceTree = "<group>"; };
		3655ECB91E557C1600647BA3 /* An Introduction to Network Programming with Java.pdf */ = {isa = PBXFileReference; lastKnownFileType = image.pdf; path = "An Introduction to Network Programming with Java.pdf"; sourceTree = "<group>"; };
		3655ECBA1E557C1600647BA3 /* Apress.Beginning.Android.ADK.with.Arduino.Mar.2012.pdf */ = {isa = PBXFileReference; lastKnownFileType = image.pdf; path = Apress.Beginning.Android.ADK.with.Arduino.Mar.2012.pdf; sourceTree = "<group>"; };
		3655ECBB1E557C1600647BA3 /* Arduino - Reference.pdf */ = {isa = PBXFileReference; lastKnownFileType = image.pdf; path = "Arduino - Reference.pdf"; sourceTree = "<group>"; };
		3655ECBC1E557C1600647BA3 /* Beginning Linux Programming, 4th Edition.pdf */ = {isa = PBXFileReference; lastKnownFileType = image.pdf; path = "Beginning Linux Programming, 4th Edition.pdf"; sourceTree = "<group>"; };
		3655ECBD1E557C1600647BA3 /* beginning_java_ee_6_with_glassfish_3_2nd_edition.pdf */ = {isa = PBXFileReference; lastKnownFileType = image.pdf; path = beginning_java_ee_6_with_glassfish_3_2nd_edition.pdf; sourceTree = "<group>"; };
		3655ECBE1E557C1600647BA3 /* Book.pdf */ = {isa = PBXFileReference; lastKnownFileType = image.pdf; path = Book.pdf; sourceTree = "<group>"; };
		3655ECBF1E557C1600647BA3 /* Building Android Accessories using the Open Accessory Development Kit and Arduino Presentation 1.pdf */ = {isa = PBXFileReference; lastKnownFileType = image.pdf; path = "Building Android Accessories using the Open Accessory Development Kit and Arduino Presentation 1.pdf"; sourceTree = "<group>"; };
		3655ECC01E557C1600647BA3 /* Capture_Troubleshooting.pdf */ = {isa = PBXFileReference; lastKnownFileType = image.pdf; path = Capture_Troubleshooting.pdf; sourceTree = "<group>"; };
		3655ECC11E557C1600647BA3 /* CN8001-PacketCraftingUsingScapy-WilliamZereneh.pdf */ = {isa = PBXFileReference; lastKnownFileType = image.pdf; path = "CN8001-PacketCraftingUsingScapy-WilliamZereneh.pdf"; sourceTree = "<group>"; };
		3655ECC21E557C1600647BA3 /* cprogramming_tutorial.pdf */ = {isa = PBXFileReference; lastKnownFileType = image.pdf; path = cprogramming_tutorial.pdf; sourceTree = "<group>"; };
		3655ECC31E557C1600647BA3 /* Designing and Implementing Linux Firewalls and QoS.pdf */ = {isa = PBXFileReference; lastKnownFileType = image.pdf; path = "Designing and Implementing Linux Firewalls and QoS.pdf"; sourceTree = "<group>"; };
		3655ECC41E557C1600647BA3 /* Expert_Python_programming.pdf */ = {isa = PBXFileReference; lastKnownFileType = image.pdf; path = Expert_Python_programming.pdf; sourceTree = "<group>"; };
		3655ECC51E557C1600647BA3 /* exploit-writing-tutorial-part-9-introduction-to-win32-shellcoding.pdf */ = {isa = PBXFileReference; lastKnownFileType = image.pdf; path = "exploit-writing-tutorial-part-9-introduction-to-win32-shellcoding.pdf"; sourceTree = "<group>"; };
		3655ECC61E557C1600647BA3 /* Foundations of Python Network Programming, 2nd Edition.pdf */ = {isa = PBXFileReference; lastKnownFileType = image.pdf; path = "Foundations of Python Network Programming, 2nd Edition.pdf"; sourceTree = "<group>"; };
		3655ECC71E557C1600647BA3 /* Gray_hat_Python.pdf */ = {isa = PBXFileReference; lastKnownFileType = image.pdf; path = Gray_hat_Python.pdf; sourceTree = "<group>"; };
		3655ECC81E557C1600647BA3 /* Hacking Exposed Malware and Rootkits.pdf */ = {isa = PBXFileReference; lastKnownFileType = image.pdf; path = "Hacking Exposed Malware and Rootkits.pdf"; sourceTree = "<group>"; };
		3655ECC91E557C1600647BA3 /* obj.pdf */ = {isa = PBXFileReference; lastKnownFileType = image.pdf; path = obj.pdf; sourceTree = "<group>"; };
		3655ECDE1E56B3F100647BA3 /* CustomerCellTableViewCell.swift */ = {isa = PBXFileReference; fileEncoding = 4; lastKnownFileType = sourcecode.swift; name = CustomerCellTableViewCell.swift; path = ../CustomerCellTableViewCell.swift; sourceTree = "<group>"; };
		A17CC59E1E4B657500F67053 /* AssProject.app */ = {isa = PBXFileReference; explicitFileType = wrapper.application; includeInIndex = 0; path = AssProject.app; sourceTree = BUILT_PRODUCTS_DIR; };
		A17CC5A11E4B657500F67053 /* AppDelegate.swift */ = {isa = PBXFileReference; lastKnownFileType = sourcecode.swift; path = AppDelegate.swift; sourceTree = "<group>"; };
		A17CC5A31E4B657500F67053 /* ViewController.swift */ = {isa = PBXFileReference; lastKnownFileType = sourcecode.swift; path = ViewController.swift; sourceTree = "<group>"; };
		A17CC5A61E4B657500F67053 /* Base */ = {isa = PBXFileReference; lastKnownFileType = file.storyboard; name = Base; path = Base.lproj/Main.storyboard; sourceTree = "<group>"; };
		A17CC5A81E4B657500F67053 /* Assets.xcassets */ = {isa = PBXFileReference; lastKnownFileType = folder.assetcatalog; path = Assets.xcassets; sourceTree = "<group>"; };
		A17CC5AB1E4B657500F67053 /* Base */ = {isa = PBXFileReference; lastKnownFileType = file.storyboard; name = Base; path = Base.lproj/LaunchScreen.storyboard; sourceTree = "<group>"; };
		A17CC5AD1E4B657500F67053 /* Info.plist */ = {isa = PBXFileReference; lastKnownFileType = text.plist.xml; path = Info.plist; sourceTree = "<group>"; };
		A17CC5B61E4D96DC00F67053 /* QuartzCore.framework */ = {isa = PBXFileReference; lastKnownFileType = wrapper.framework; name = QuartzCore.framework; path = System/Library/Frameworks/QuartzCore.framework; sourceTree = SDKROOT; };
		A17CC5B81E502EC100F67053 /* ScrollViewController.swift */ = {isa = PBXFileReference; fileEncoding = 4; lastKnownFileType = sourcecode.swift; path = ScrollViewController.swift; sourceTree = "<group>"; };
		A17CC5BA1E5068EF00F67053 /* QuickLookViewController.swift */ = {isa = PBXFileReference; fileEncoding = 4; lastKnownFileType = sourcecode.swift; path = QuickLookViewController.swift; sourceTree = "<group>"; };
		A1BD39B01E50C25D00F0D298 /* AppCoda-Keynote.key */ = {isa = PBXFileReference; lastKnownFileType = file; path = "AppCoda-Keynote.key"; sourceTree = "<group>"; };
		A1BD39B21E50C26800F0D298 /* AppCoda-Text.txt */ = {isa = PBXFileReference; fileEncoding = 4; lastKnownFileType = text; path = "AppCoda-Text.txt"; sourceTree = "<group>"; };
		A1BD39B41E50C27300F0D298 /* AppCoda-Word.docx */ = {isa = PBXFileReference; lastKnownFileType = file; path = "AppCoda-Word.docx"; sourceTree = "<group>"; };
		A1BD39B61E50C28300F0D298 /* AppCoda-Image.jpeg */ = {isa = PBXFileReference; lastKnownFileType = image.jpeg; path = "AppCoda-Image.jpeg"; sourceTree = "<group>"; };
/* End PBXFileReference section */

/* Begin PBXFrameworksBuildPhase section */
		A17CC59B1E4B657500F67053 /* Frameworks */ = {
			isa = PBXFrameworksBuildPhase;
			buildActionMask = 2147483647;
			files = (
				A17CC5B71E4D96DC00F67053 /* QuartzCore.framework in Frameworks */,
			);
			runOnlyForDeploymentPostprocessing = 0;
		};
/* End PBXFrameworksBuildPhase section */

/* Begin PBXGroup section */
		A17CC5951E4B657500F67053 = {
			isa = PBXGroup;
			children = (
				A17CC5A01E4B657500F67053 /* AssProject */,
				A17CC59F1E4B657500F67053 /* Products */,
				A17CC5B51E4D96DC00F67053 /* Frameworks */,
			);
			sourceTree = "<group>";
		};
		A17CC59F1E4B657500F67053 /* Products */ = {
			isa = PBXGroup;
			children = (
				A17CC59E1E4B657500F67053 /* AssProject.app */,
			);
			name = Products;
			sourceTree = "<group>";
		};
		A17CC5A01E4B657500F67053 /* AssProject */ = {
			isa = PBXGroup;
			children = (
				3655ECDE1E56B3F100647BA3 /* CustomerCellTableViewCell.swift */,
				3655ECB81E557C1600647BA3 /* Advanced Network Programming - Principles and Techniques.pdf */,
				3655ECB91E557C1600647BA3 /* An Introduction to Network Programming with Java.pdf */,
				3655ECBA1E557C1600647BA3 /* Apress.Beginning.Android.ADK.with.Arduino.Mar.2012.pdf */,
				3655ECBB1E557C1600647BA3 /* Arduino - Reference.pdf */,
				3655ECBC1E557C1600647BA3 /* Beginning Linux Programming, 4th Edition.pdf */,
				3655ECBD1E557C1600647BA3 /* beginning_java_ee_6_with_glassfish_3_2nd_edition.pdf */,
				3655ECBE1E557C1600647BA3 /* Book.pdf */,
				3655ECBF1E557C1600647BA3 /* Building Android Accessories using the Open Accessory Development Kit and Arduino Presentation 1.pdf */,
				3655ECC01E557C1600647BA3 /* Capture_Troubleshooting.pdf */,
				3655ECC11E557C1600647BA3 /* CN8001-PacketCraftingUsingScapy-WilliamZereneh.pdf */,
				3655ECC21E557C1600647BA3 /* cprogramming_tutorial.pdf */,
				3655ECC31E557C1600647BA3 /* Designing and Implementing Linux Firewalls and QoS.pdf */,
				3655ECC41E557C1600647BA3 /* Expert_Python_programming.pdf */,
				3655ECC51E557C1600647BA3 /* exploit-writing-tutorial-part-9-introduction-to-win32-shellcoding.pdf */,
				3655ECC61E557C1600647BA3 /* Foundations of Python Network Programming, 2nd Edition.pdf */,
				3655ECC71E557C1600647BA3 /* Gray_hat_Python.pdf */,
				3655ECC81E557C1600647BA3 /* Hacking Exposed Malware and Rootkits.pdf */,
				3655ECC91E557C1600647BA3 /* obj.pdf */,
				A17CC5A11E4B657500F67053 /* AppDelegate.swift */,
				A17CC5A31E4B657500F67053 /* ViewController.swift */,
				A1BD39B01E50C25D00F0D298 /* AppCoda-Keynote.key */,
				A1BD39B21E50C26800F0D298 /* AppCoda-Text.txt */,
				A1BD39B61E50C28300F0D298 /* AppCoda-Image.jpeg */,
				A1BD39B41E50C27300F0D298 /* AppCoda-Word.docx */,
				A17CC5A51E4B657500F67053 /* Main.storyboard */,
				A17CC5BA1E5068EF00F67053 /* QuickLookViewController.swift */,
				A17CC5B81E502EC100F67053 /* ScrollViewController.swift */,
				A17CC5A81E4B657500F67053 /* Assets.xcassets */,
				A17CC5AA1E4B657500F67053 /* LaunchScreen.storyboard */,
				A17CC5AD1E4B657500F67053 /* Info.plist */,
			);
			path = AssProject;
			sourceTree = "<group>";
		};
		A17CC5B51E4D96DC00F67053 /* Frameworks */ = {
			isa = PBXGroup;
			children = (
				A17CC5B61E4D96DC00F67053 /* QuartzCore.framework */,
			);
			name = Frameworks;
			sourceTree = "<group>";
		};
/* End PBXGroup section */

/* Begin PBXNativeTarget section */
		A17CC59D1E4B657500F67053 /* AssProject */ = {
			isa = PBXNativeTarget;
			buildConfigurationList = A17CC5B01E4B657500F67053 /* Build configuration list for PBXNativeTarget "AssProject" */;
			buildPhases = (
				A17CC59A1E4B657500F67053 /* Sources */,
				A17CC59B1E4B657500F67053 /* Frameworks */,
				A17CC59C1E4B657500F67053 /* Resources */,
			);
			buildRules = (
			);
			dependencies = (
			);
			name = AssProject;
			productName = AssProject;
			productReference = A17CC59E1E4B657500F67053 /* AssProject.app */;
			productType = "com.apple.product-type.application";
		};
/* End PBXNativeTarget section */

/* Begin PBXProject section */
		A17CC5961E4B657500F67053 /* Project object */ = {
			isa = PBXProject;
			attributes = {
				LastSwiftUpdateCheck = 0820;
				LastUpgradeCheck = 0820;
				ORGANIZATIONNAME = "DEO NYAMPETA";
				TargetAttributes = {
					A17CC59D1E4B657500F67053 = {
						CreatedOnToolsVersion = 8.2.1;
						DevelopmentTeam = 75J3UY62ML;
						ProvisioningStyle = Automatic;
					};
				};
			};
			buildConfigurationList = A17CC5991E4B657500F67053 /* Build configuration list for PBXProject "AssProject" */;
			compatibilityVersion = "Xcode 3.2";
			developmentRegion = English;
			hasScannedForEncodings = 0;
			knownRegions = (
				en,
				Base,
			);
			mainGroup = A17CC5951E4B657500F67053;
			productRefGroup = A17CC59F1E4B657500F67053 /* Products */;
			projectDirPath = "";
			projectRoot = "";
			targets = (
				A17CC59D1E4B657500F67053 /* AssProject */,
			);
		};
/* End PBXProject section */

/* Begin PBXResourcesBuildPhase section */
		A17CC59C1E4B657500F67053 /* Resources */ = {
			isa = PBXResourcesBuildPhase;
			buildActionMask = 2147483647;
			files = (
				3655ECDA1E557C1600647BA3 /* Hacking Exposed Malware and Rootkits.pdf in Resources */,
				3655ECCD1E557C1600647BA3 /* Arduino - Reference.pdf in Resources */,
				A1BD39B31E50C26800F0D298 /* AppCoda-Text.txt in Resources */,
				3655ECCC1E557C1600647BA3 /* Apress.Beginning.Android.ADK.with.Arduino.Mar.2012.pdf in Resources */,
				3655ECCA1E557C1600647BA3 /* Advanced Network Programming - Principles and Techniques.pdf in Resources */,
				3655ECD61E557C1600647BA3 /* Expert_Python_programming.pdf in Resources */,
				A17CC5AC1E4B657500F67053 /* LaunchScreen.storyboard in Resources */,
				A17CC5A91E4B657500F67053 /* Assets.xcassets in Resources */,
				3655ECD51E557C1600647BA3 /* Designing and Implementing Linux Firewalls and QoS.pdf in Resources */,
				A1BD39B11E50C25D00F0D298 /* AppCoda-Keynote.key in Resources */,
				3655ECD01E557C1600647BA3 /* Book.pdf in Resources */,
				A17CC5A71E4B657500F67053 /* Main.storyboard in Resources */,
				3655ECCE1E557C1600647BA3 /* Beginning Linux Programming, 4th Edition.pdf in Resources */,
				3655ECCF1E557C1600647BA3 /* beginning_java_ee_6_with_glassfish_3_2nd_edition.pdf in Resources */,
				A1BD39B71E50C28300F0D298 /* AppCoda-Image.jpeg in Resources */,
				3655ECD81E557C1600647BA3 /* Foundations of Python Network Programming, 2nd Edition.pdf in Resources */,
				3655ECDB1E557C1600647BA3 /* obj.pdf in Resources */,
				3655ECD41E557C1600647BA3 /* cprogramming_tutorial.pdf in Resources */,
				3655ECCB1E557C1600647BA3 /* An Introduction to Network Programming with Java.pdf in Resources */,
				3655ECD71E557C1600647BA3 /* exploit-writing-tutorial-part-9-introduction-to-win32-shellcoding.pdf in Resources */,
				A1BD39B51E50C27300F0D298 /* AppCoda-Word.docx in Resources */,
				3655ECD91E557C1600647BA3 /* Gray_hat_Python.pdf in Resources */,
				3655ECD21E557C1600647BA3 /* Capture_Troubleshooting.pdf in Resources */,
				3655ECD11E557C1600647BA3 /* Building Android Accessories using the Open Accessory Development Kit and Arduino Presentation 1.pdf in Resources */,
				3655ECD31E557C1600647BA3 /* CN8001-PacketCraftingUsingScapy-WilliamZereneh.pdf in Resources */,
			);
			runOnlyForDeploymentPostprocessing = 0;
		};
/* End PBXResourcesBuildPhase section */

/* Begin PBXSourcesBuildPhase section */
		A17CC59A1E4B657500F67053 /* Sources */ = {
			isa = PBXSourcesBuildPhase;
			buildActionMask = 2147483647;
			files = (
				A17CC5A41E4B657500F67053 /* ViewController.swift in Sources */,
				3655ECDF1E56B3F100647BA3 /* CustomerCellTableViewCell.swift in Sources */,
				A17CC5BB1E5068EF00F67053 /* QuickLookViewController.swift in Sources */,
				A17CC5B91E502EC100F67053 /* ScrollViewController.swift in Sources */,
				A17CC5A21E4B657500F67053 /* AppDelegate.swift in Sources */,
			);
			runOnlyForDeploymentPostprocessing = 0;
		};
/* End PBXSourcesBuildPhase section */

/* Begin PBXVariantGroup section */
		A17CC5A51E4B657500F67053 /* Main.storyboard */ = {
			isa = PBXVariantGroup;
			children = (
				A17CC5A61E4B657500F67053 /* Base */,
			);
			name = Main.storyboard;
			sourceTree = "<group>";
		};
		A17CC5AA1E4B657500F67053 /* LaunchScreen.storyboard */ = {
			isa = PBXVariantGroup;
			children = (
				A17CC5AB1E4B657500F67053 /* Base */,
			);
			name = LaunchScreen.storyboard;
			sourceTree = "<group>";
		};
/* End PBXVariantGroup section */

/* Begin XCBuildConfiguration section */
		A17CC5AE1E4B657500F67053 /* Debug */ = {
			isa = XCBuildConfiguration;
			buildSettings = {
				ALWAYS_SEARCH_USER_PATHS = NO;
				CLANG_ANALYZER_NONNULL = YES;
				CLANG_CXX_LANGUAGE_STANDARD = "gnu++0x";
				CLANG_CXX_LIBRARY = "libc++";
				CLANG_ENABLE_MODULES = YES;
				CLANG_ENABLE_OBJC_ARC = YES;
				CLANG_WARN_BOOL_CONVERSION = YES;
				CLANG_WARN_CONSTANT_CONVERSION = YES;
				CLANG_WARN_DIRECT_OBJC_ISA_USAGE = YES_ERROR;
				CLANG_WARN_DOCUMENTATION_COMMENTS = YES;
				CLANG_WARN_EMPTY_BODY = YES;
				CLANG_WARN_ENUM_CONVERSION = YES;
				CLANG_WARN_INFINITE_RECURSION = YES;
				CLANG_WARN_INT_CONVERSION = YES;
				CLANG_WARN_OBJC_ROOT_CLASS = YES_ERROR;
				CLANG_WARN_SUSPICIOUS_MOVE = YES;
				CLANG_WARN_UNREACHABLE_CODE = YES;
				CLANG_WARN__DUPLICATE_METHOD_MATCH = YES;
				"CODE_SIGN_IDENTITY[sdk=iphoneos*]" = "iPhone Developer";
				COPY_PHASE_STRIP = NO;
				DEBUG_INFORMATION_FORMAT = dwarf;
				ENABLE_STRICT_OBJC_MSGSEND = YES;
				ENABLE_TESTABILITY = YES;
				GCC_C_LANGUAGE_STANDARD = gnu99;
				GCC_DYNAMIC_NO_PIC = NO;
				GCC_NO_COMMON_BLOCKS = YES;
				GCC_OPTIMIZATION_LEVEL = 0;
				GCC_PREPROCESSOR_DEFINITIONS = (
					"DEBUG=1",
					"$(inherited)",
				);
				GCC_WARN_64_TO_32_BIT_CONVERSION = YES;
				GCC_WARN_ABOUT_RETURN_TYPE = YES_ERROR;
				GCC_WARN_UNDECLARED_SELECTOR = YES;
				GCC_WARN_UNINITIALIZED_AUTOS = YES_AGGRESSIVE;
				GCC_WARN_UNUSED_FUNCTION = YES;
				GCC_WARN_UNUSED_VARIABLE = YES;
				IPHONEOS_DEPLOYMENT_TARGET = 10.2;
				MTL_ENABLE_DEBUG_INFO = YES;
				ONLY_ACTIVE_ARCH = YES;
				SDKROOT = iphoneos;
				SWIFT_ACTIVE_COMPILATION_CONDITIONS = DEBUG;
				SWIFT_OPTIMIZATION_LEVEL = "-Onone";
				TARGETED_DEVICE_FAMILY = "1,2";
			};
			name = Debug;
		};
		A17CC5AF1E4B657500F67053 /* Release */ = {
			isa = XCBuildConfiguration;
			buildSettings = {
				ALWAYS_SEARCH_USER_PATHS = NO;
				CLANG_ANALYZER_NONNULL = YES;
				CLANG_CXX_LANGUAGE_STANDARD = "gnu++0x";
				CLANG_CXX_LIBRARY = "libc++";
				CLANG_ENABLE_MODULES = YES;
				CLANG_ENABLE_OBJC_ARC = YES;
				CLANG_WARN_BOOL_CONVERSION = YES;
				CLANG_WARN_CONSTANT_CONVERSION = YES;
				CLANG_WARN_DIRECT_OBJC_ISA_USAGE = YES_ERROR;
				CLANG_WARN_DOCUMENTATION_COMMENTS = YES;
				CLANG_WARN_EMPTY_BODY = YES;
				CLANG_WARN_ENUM_CONVERSION = YES;
				CLANG_WARN_INFINITE_RECURSION = YES;
				CLANG_WARN_INT_CONVERSION = YES;
				CLANG_WARN_OBJC_ROOT_CLASS = YES_ERROR;
				CLANG_WARN_SUSPICIOUS_MOVE = YES;
				CLANG_WARN_UNREACHABLE_CODE = YES;
				CLANG_WARN__DUPLICATE_METHOD_MATCH = YES;
				"CODE_SIGN_IDENTITY[sdk=iphoneos*]" = "iPhone Developer";
				COPY_PHASE_STRIP = NO;
				DEBUG_INFORMATION_FORMAT = "dwarf-with-dsym";
				ENABLE_NS_ASSERTIONS = NO;
				ENABLE_STRICT_OBJC_MSGSEND = YES;
				GCC_C_LANGUAGE_STANDARD = gnu99;
				GCC_NO_COMMON_BLOCKS = YES;
				GCC_WARN_64_TO_32_BIT_CONVERSION = YES;
				GCC_WARN_ABOUT_RETURN_TYPE = YES_ERROR;
				GCC_WARN_UNDECLARED_SELECTOR = YES;
				GCC_WARN_UNINITIALIZED_AUTOS = YES_AGGRESSIVE;
				GCC_WARN_UNUSED_FUNCTION = YES;
				GCC_WARN_UNUSED_VARIABLE = YES;
				IPHONEOS_DEPLOYMENT_TARGET = 10.2;
				MTL_ENABLE_DEBUG_INFO = NO;
				SDKROOT = iphoneos;
				SWIFT_OPTIMIZATION_LEVEL = "-Owholemodule";
				TARGETED_DEVICE_FAMILY = "1,2";
				VALIDATE_PRODUCT = YES;
			};
			name = Release;
		};
		A17CC5B11E4B657500F67053 /* Debug */ = {
			isa = XCBuildConfiguration;
			buildSettings = {
				ASSETCATALOG_COMPILER_APPICON_NAME = AppIcon;
				DEVELOPMENT_TEAM = 75J3UY62ML;
				INFOPLIST_FILE = AssProject/Info.plist;
				LD_RUNPATH_SEARCH_PATHS = "$(inherited) @executable_path/Frameworks";
				PRODUCT_BUNDLE_IDENTIFIER = Deo.AssProject;
				PRODUCT_NAME = "$(TARGET_NAME)";
				SWIFT_VERSION = 3.0;
			};
			name = Debug;
		};
		A17CC5B21E4B657500F67053 /* Release */ = {
			isa = XCBuildConfiguration;
			buildSettings = {
				ASSETCATALOG_COMPILER_APPICON_NAME = AppIcon;
				DEVELOPMENT_TEAM = 75J3UY62ML;
				INFOPLIST_FILE = AssProject/Info.plist;
				LD_RUNPATH_SEARCH_PATHS = "$(inherited) @executable_path/Frameworks";
				PRODUCT_BUNDLE_IDENTIFIER = Deo.AssProject;
				PRODUCT_NAME = "$(TARGET_NAME)";
				SWIFT_VERSION = 3.0;
			};
			name = Release;
		};
/* End XCBuildConfiguration section */

/* Begin XCConfigurationList section */
		A17CC5991E4B657500F67053 /* Build configuration list for PBXProject "AssProject" */ = {
			isa = XCConfigurationList;
			buildConfigurations = (
				A17CC5AE1E4B657500F67053 /* Debug */,
				A17CC5AF1E4B657500F67053 /* Release */,
			);
			defaultConfigurationIsVisible = 0;
			defaultConfigurationName = Release;
		};
		A17CC5B01E4B657500F67053 /* Build configuration list for PBXNativeTarget "AssProject" */ = {
			isa = XCConfigurationList;
			buildConfigurations = (
				A17CC5B11E4B657500F67053 /* Debug */,
				A17CC5B21E4B657500F67053 /* Release */,
			);
			defaultConfigurationIsVisible = 0;
			defaultConfigurationName = Release;
		};
/* End XCConfigurationList section */
	};
	rootObject = A17CC5961E4B657500F67053 /* Project object */;
}
